// !$*UTF8*$!
{
	archiveVersion = 1;
	classes = {
	};
	objectVersion = 46;
	objects = {

/* Begin PBXBuildFile section */
		619EF6791E51AF41006AFEB7 /* main.m in Sources */ = {isa = PBXBuildFile; fileRef = 619EF6781E51AF41006AFEB7 /* main.m */; };
		619EF67C1E51AF41006AFEB7 /* AppDelegate.m in Sources */ = {isa = PBXBuildFile; fileRef = 619EF67B1E51AF41006AFEB7 /* AppDelegate.m */; };
		619EF67E1E51AF41006AFEB7 /* Assets.xcassets in Resources */ = {isa = PBXBuildFile; fileRef = 619EF67D1E51AF41006AFEB7 /* Assets.xcassets */; };
		619EF6811E51AF41006AFEB7 /* LaunchScreen.storyboard in Resources */ = {isa = PBXBuildFile; fileRef = 619EF67F1E51AF41006AFEB7 /* LaunchScreen.storyboard */; };
		619EF68C1E51AF41006AFEB7 /* StudyYYCacheTests.m in Sources */ = {isa = PBXBuildFile; fileRef = 619EF68B1E51AF41006AFEB7 /* StudyYYCacheTests.m */; };
		619EF6971E51AF41006AFEB7 /* StudyYYCacheUITests.m in Sources */ = {isa = PBXBuildFile; fileRef = 619EF6961E51AF41006AFEB7 /* StudyYYCacheUITests.m */; };
		619EF6AD1E51AF55006AFEB7 /* YYCache.m in Sources */ = {isa = PBXBuildFile; fileRef = 619EF6A61E51AF55006AFEB7 /* YYCache.m */; };
		619EF6AE1E51AF55006AFEB7 /* YYDiskCache.m in Sources */ = {isa = PBXBuildFile; fileRef = 619EF6A81E51AF55006AFEB7 /* YYDiskCache.m */; };
		619EF6AF1E51AF55006AFEB7 /* YYKVStorage.m in Sources */ = {isa = PBXBuildFile; fileRef = 619EF6AA1E51AF55006AFEB7 /* YYKVStorage.m */; };
		619EF6B01E51AF55006AFEB7 /* YYMemoryCache.m in Sources */ = {isa = PBXBuildFile; fileRef = 619EF6AC1E51AF55006AFEB7 /* YYMemoryCache.m */; };
		619EF6B71E51AFB9006AFEB7 /* RootViewController.m in Sources */ = {isa = PBXBuildFile; fileRef = 619EF6B51E51AFB9006AFEB7 /* RootViewController.m */; };
		619EF6B81E51AFB9006AFEB7 /* RootViewController.xib in Resources */ = {isa = PBXBuildFile; fileRef = 619EF6B61E51AFB9006AFEB7 /* RootViewController.xib */; };
		619EF6BB1E51AFEB006AFEB7 /* libsqlite3.0.tbd in Frameworks */ = {isa = PBXBuildFile; fileRef = 619EF6BA1E51AFEB006AFEB7 /* libsqlite3.0.tbd */; };
		619EF6C11E51B140006AFEB7 /* UserModel.m in Sources */ = {isa = PBXBuildFile; fileRef = 619EF6C01E51B140006AFEB7 /* UserModel.m */; };
		619EF6C41E51B151006AFEB7 /* PersonModel.m in Sources */ = {isa = PBXBuildFile; fileRef = 619EF6C31E51B151006AFEB7 /* PersonModel.m */; };
		619EF6CB1E51B27F006AFEB7 /* NSObject+YYModel.m in Sources */ = {isa = PBXBuildFile; fileRef = 619EF6C71E51B27F006AFEB7 /* NSObject+YYModel.m */; };
		619EF6CC1E51B27F006AFEB7 /* YYClassInfo.m in Sources */ = {isa = PBXBuildFile; fileRef = 619EF6C91E51B27F006AFEB7 /* YYClassInfo.m */; };
/* End PBXBuildFile section */

/* Begin PBXContainerItemProxy section */
		619EF6881E51AF41006AFEB7 /* PBXContainerItemProxy */ = {
			isa = PBXContainerItemProxy;
			containerPortal = 619EF66C1E51AF41006AFEB7 /* Project object */;
			proxyType = 1;
			remoteGlobalIDString = 619EF6731E51AF41006AFEB7;
			remoteInfo = StudyYYCache;
		};
		619EF6931E51AF41006AFEB7 /* PBXContainerItemProxy */ = {
			isa = PBXContainerItemProxy;
			containerPortal = 619EF66C1E51AF41006AFEB7 /* Project object */;
			proxyType = 1;
			remoteGlobalIDString = 619EF6731E51AF41006AFEB7;
			remoteInfo = StudyYYCache;
		};
/* End PBXContainerItemProxy section */

/* Begin PBXFileReference section */
		619EF6741E51AF41006AFEB7 /* StudyYYCache.app */ = {isa = PBXFileReference; explicitFileType = wrapper.application; includeInIndex = 0; path = StudyYYCache.app; sourceTree = BUILT_PRODUCTS_DIR; };
		619EF6781E51AF41006AFEB7 /* main.m */ = {isa = PBXFileReference; lastKnownFileType = sourcecode.c.objc; path = main.m; sourceTree = "<group>"; };
		619EF67A1E51AF41006AFEB7 /* AppDelegate.h */ = {isa = PBXFileReference; lastKnownFileType = sourcecode.c.h; path = AppDelegate.h; sourceTree = "<group>"; };
		619EF67B1E51AF41006AFEB7 /* AppDelegate.m */ = {isa = PBXFileReference; lastKnownFileType = sourcecode.c.objc; path = AppDelegate.m; sourceTree = "<group>"; };
		619EF67D1E51AF41006AFEB7 /* Assets.xcassets */ = {isa = PBXFileReference; lastKnownFileType = folder.assetcatalog; path = Assets.xcassets; sourceTree = "<group>"; };
		619EF6801E51AF41006AFEB7 /* Base */ = {isa = PBXFileReference; lastKnownFileType = file.storyboard; name = Base; path = Base.lproj/LaunchScreen.storyboard; sourceTree = "<group>"; };
		619EF6821E51AF41006AFEB7 /* Info.plist */ = {isa = PBXFileReference; lastKnownFileType = text.plist.xml; path = Info.plist; sourceTree = "<group>"; };
		619EF6871E51AF41006AFEB7 /* StudyYYCacheTests.xctest */ = {isa = PBXFileReference; explicitFileType = wrapper.cfbundle; includeInIndex = 0; path = StudyYYCacheTests.xctest; sourceTree = BUILT_PRODUCTS_DIR; };
		619EF68B1E51AF41006AFEB7 /* StudyYYCacheTests.m */ = {isa = PBXFileReference; lastKnownFileType = sourcecode.c.objc; path = StudyYYCacheTests.m; sourceTree = "<group>"; };
		619EF68D1E51AF41006AFEB7 /* Info.plist */ = {isa = PBXFileReference; lastKnownFileType = text.plist.xml; path = Info.plist; sourceTree = "<group>"; };
		619EF6921E51AF41006AFEB7 /* StudyYYCacheUITests.xctest */ = {isa = PBXFileReference; explicitFileType = wrapper.cfbundle; includeInIndex = 0; path = StudyYYCacheUITests.xctest; sourceTree = BUILT_PRODUCTS_DIR; };
		619EF6961E51AF41006AFEB7 /* StudyYYCacheUITests.m */ = {isa = PBXFileReference; lastKnownFileType = sourcecode.c.objc; path = StudyYYCacheUITests.m; sourceTree = "<group>"; };
		619EF6981E51AF41006AFEB7 /* Info.plist */ = {isa = PBXFileReference; lastKnownFileType = text.plist.xml; path = Info.plist; sourceTree = "<group>"; };
		619EF6A51E51AF55006AFEB7 /* YYCache.h */ = {isa = PBXFileReference; fileEncoding = 4; lastKnownFileType = sourcecode.c.h; path = YYCache.h; sourceTree = "<group>"; };
		619EF6A61E51AF55006AFEB7 /* YYCache.m */ = {isa = PBXFileReference; fileEncoding = 4; lastKnownFileType = sourcecode.c.objc; path = YYCache.m; sourceTree = "<group>"; };
		619EF6A71E51AF55006AFEB7 /* YYDiskCache.h */ = {isa = PBXFileReference; fileEncoding = 4; lastKnownFileType = sourcecode.c.h; path = YYDiskCache.h; sourceTree = "<group>"; };
		619EF6A81E51AF55006AFEB7 /* YYDiskCache.m */ = {isa = PBXFileReference; fileEncoding = 4; lastKnownFileType = sourcecode.c.objc; path = YYDiskCache.m; sourceTree = "<group>"; };
		619EF6A91E51AF55006AFEB7 /* YYKVStorage.h */ = {isa = PBXFileReference; fileEncoding = 4; lastKnownFileType = sourcecode.c.h; path = YYKVStorage.h; sourceTree = "<group>"; };
		619EF6AA1E51AF55006AFEB7 /* YYKVStorage.m */ = {isa = PBXFileReference; fileEncoding = 4; lastKnownFileType = sourcecode.c.objc; path = YYKVStorage.m; sourceTree = "<group>"; };
		619EF6AB1E51AF55006AFEB7 /* YYMemoryCache.h */ = {isa = PBXFileReference; fileEncoding = 4; lastKnownFileType = sourcecode.c.h; path = YYMemoryCache.h; sourceTree = "<group>"; };
		619EF6AC1E51AF55006AFEB7 /* YYMemoryCache.m */ = {isa = PBXFileReference; fileEncoding = 4; lastKnownFileType = sourcecode.c.objc; path = YYMemoryCache.m; sourceTree = "<group>"; };
		619EF6B41E51AFB9006AFEB7 /* RootViewController.h */ = {isa = PBXFileReference; fileEncoding = 4; lastKnownFileType = sourcecode.c.h; path = RootViewController.h; sourceTree = "<group>"; };
		619EF6B51E51AFB9006AFEB7 /* RootViewController.m */ = {isa = PBXFileReference; fileEncoding = 4; lastKnownFileType = sourcecode.c.objc; path = RootViewController.m; sourceTree = "<group>"; };
		619EF6B61E51AFB9006AFEB7 /* RootViewController.xib */ = {isa = PBXFileReference; fileEncoding = 4; lastKnownFileType = file.xib; path = RootViewController.xib; sourceTree = "<group>"; };
		619EF6BA1E51AFEB006AFEB7 /* libsqlite3.0.tbd */ = {isa = PBXFileReference; lastKnownFileType = "sourcecode.text-based-dylib-definition"; name = libsqlite3.0.tbd; path = usr/lib/libsqlite3.0.tbd; sourceTree = SDKROOT; };
		619EF6BF1E51B140006AFEB7 /* UserModel.h */ = {isa = PBXFileReference; fileEncoding = 4; lastKnownFileType = sourcecode.c.h; path = UserModel.h; sourceTree = "<group>"; };
		619EF6C01E51B140006AFEB7 /* UserModel.m */ = {isa = PBXFileReference; fileEncoding = 4; lastKnownFileType = sourcecode.c.objc; path = UserModel.m; sourceTree = "<group>"; };
		619EF6C21E51B151006AFEB7 /* PersonModel.h */ = {isa = PBXFileReference; fileEncoding = 4; lastKnownFileType = sourcecode.c.h; path = PersonModel.h; sourceTree = "<group>"; };
		619EF6C31E51B151006AFEB7 /* PersonModel.m */ = {isa = PBXFileReference; fileEncoding = 4; lastKnownFileType = sourcecode.c.objc; path = PersonModel.m; sourceTree = "<group>"; };
		619EF6C61E51B27F006AFEB7 /* NSObject+YYModel.h */ = {isa = PBXFileReference; fileEncoding = 4; lastKnownFileType = sourcecode.c.h; path = "NSObject+YYModel.h"; sourceTree = "<group>"; };
		619EF6C71E51B27F006AFEB7 /* NSObject+YYModel.m */ = {isa = PBXFileReference; fileEncoding = 4; lastKnownFileType = sourcecode.c.objc; path = "NSObject+YYModel.m"; sourceTree = "<group>"; };
		619EF6C81E51B27F006AFEB7 /* YYClassInfo.h */ = {isa = PBXFileReference; fileEncoding = 4; lastKnownFileType = sourcecode.c.h; path = YYClassInfo.h; sourceTree = "<group>"; };
		619EF6C91E51B27F006AFEB7 /* YYClassInfo.m */ = {isa = PBXFileReference; fileEncoding = 4; lastKnownFileType = sourcecode.c.objc; path = YYClassInfo.m; sourceTree = "<group>"; };
		619EF6CA1E51B27F006AFEB7 /* YYModel.h */ = {isa = PBXFileReference; fileEncoding = 4; lastKnownFileType = sourcecode.c.h; path = YYModel.h; sourceTree = "<group>"; };
/* End PBXFileReference section */

/* Begin PBXFrameworksBuildPhase section */
		619EF6711E51AF41006AFEB7 /* Frameworks */ = {
			isa = PBXFrameworksBuildPhase;
			buildActionMask = 2147483647;
			files = (
				619EF6BB1E51AFEB006AFEB7 /* libsqlite3.0.tbd in Frameworks */,
			);
			runOnlyForDeploymentPostprocessing = 0;
		};
		619EF6841E51AF41006AFEB7 /* Frameworks */ = {
			isa = PBXFrameworksBuildPhase;
			buildActionMask = 2147483647;
			files = (
			);
			runOnlyForDeploymentPostprocessing = 0;
		};
		619EF68F1E51AF41006AFEB7 /* Frameworks */ = {
			isa = PBXFrameworksBuildPhase;
			buildActionMask = 2147483647;
			files = (
			);
			runOnlyForDeploymentPostprocessing = 0;
		};
/* End PBXFrameworksBuildPhase section */

/* Begin PBXGroup section */
		619EF66B1E51AF41006AFEB7 = {
			isa = PBXGroup;
			children = (
				619EF6761E51AF41006AFEB7 /* StudyYYCache */,
				619EF68A1E51AF41006AFEB7 /* StudyYYCacheTests */,
				619EF6951E51AF41006AFEB7 /* StudyYYCacheUITests */,
				619EF6751E51AF41006AFEB7 /* Products */,
				619EF6B91E51AFEB006AFEB7 /* Frameworks */,
			);
			sourceTree = "<group>";
		};
		619EF6751E51AF41006AFEB7 /* Products */ = {
			isa = PBXGroup;
			children = (
				619EF6741E51AF41006AFEB7 /* StudyYYCache.app */,
				619EF6871E51AF41006AFEB7 /* StudyYYCacheTests.xctest */,
				619EF6921E51AF41006AFEB7 /* StudyYYCacheUITests.xctest */,
			);
			name = Products;
			sourceTree = "<group>";
		};
		619EF6761E51AF41006AFEB7 /* StudyYYCache */ = {
			isa = PBXGroup;
			children = (
				619EF6A41E51AF55006AFEB7 /* YYCache */,
				619EF6C51E51B27F006AFEB7 /* YYModel */,
				619EF67A1E51AF41006AFEB7 /* AppDelegate.h */,
				619EF67B1E51AF41006AFEB7 /* AppDelegate.m */,
				619EF6B41E51AFB9006AFEB7 /* RootViewController.h */,
				619EF6B51E51AFB9006AFEB7 /* RootViewController.m */,
				619EF6B61E51AFB9006AFEB7 /* RootViewController.xib */,
				619EF6C21E51B151006AFEB7 /* PersonModel.h */,
				619EF6C31E51B151006AFEB7 /* PersonModel.m */,
				619EF6BF1E51B140006AFEB7 /* UserModel.h */,
				619EF6C01E51B140006AFEB7 /* UserModel.m */,
				619EF67D1E51AF41006AFEB7 /* Assets.xcassets */,
				619EF67F1E51AF41006AFEB7 /* LaunchScreen.storyboard */,
				619EF6821E51AF41006AFEB7 /* Info.plist */,
				619EF6771E51AF41006AFEB7 /* Supporting Files */,
			);
			path = StudyYYCache;
			sourceTree = "<group>";
		};
		619EF6771E51AF41006AFEB7 /* Supporting Files */ = {
			isa = PBXGroup;
			children = (
				619EF6781E51AF41006AFEB7 /* main.m */,
			);
			name = "Supporting Files";
			sourceTree = "<group>";
		};
		619EF68A1E51AF41006AFEB7 /* StudyYYCacheTests */ = {
			isa = PBXGroup;
			children = (
				619EF68B1E51AF41006AFEB7 /* StudyYYCacheTests.m */,
				619EF68D1E51AF41006AFEB7 /* Info.plist */,
			);
			path = StudyYYCacheTests;
			sourceTree = "<group>";
		};
		619EF6951E51AF41006AFEB7 /* StudyYYCacheUITests */ = {
			isa = PBXGroup;
			children = (
				619EF6961E51AF41006AFEB7 /* StudyYYCacheUITests.m */,
				619EF6981E51AF41006AFEB7 /* Info.plist */,
			);
			path = StudyYYCacheUITests;
			sourceTree = "<group>";
		};
		619EF6A41E51AF55006AFEB7 /* YYCache */ = {
			isa = PBXGroup;
			children = (
				619EF6A51E51AF55006AFEB7 /* YYCache.h */,
				619EF6A61E51AF55006AFEB7 /* YYCache.m */,
				619EF6A71E51AF55006AFEB7 /* YYDiskCache.h */,
				619EF6A81E51AF55006AFEB7 /* YYDiskCache.m */,
				619EF6A91E51AF55006AFEB7 /* YYKVStorage.h */,
				619EF6AA1E51AF55006AFEB7 /* YYKVStorage.m */,
				619EF6AB1E51AF55006AFEB7 /* YYMemoryCache.h */,
				619EF6AC1E51AF55006AFEB7 /* YYMemoryCache.m */,
			);
			path = YYCache;
			sourceTree = "<group>";
		};
		619EF6B91E51AFEB006AFEB7 /* Frameworks */ = {
			isa = PBXGroup;
			children = (
				619EF6BA1E51AFEB006AFEB7 /* libsqlite3.0.tbd */,
			);
			name = Frameworks;
			sourceTree = "<group>";
		};
		619EF6C51E51B27F006AFEB7 /* YYModel */ = {
			isa = PBXGroup;
			children = (
				619EF6C61E51B27F006AFEB7 /* NSObject+YYModel.h */,
				619EF6C71E51B27F006AFEB7 /* NSObject+YYModel.m */,
				619EF6C81E51B27F006AFEB7 /* YYClassInfo.h */,
				619EF6C91E51B27F006AFEB7 /* YYClassInfo.m */,
				619EF6CA1E51B27F006AFEB7 /* YYModel.h */,
			);
			path = YYModel;
			sourceTree = "<group>";
		};
/* End PBXGroup section */

/* Begin PBXNativeTarget section */
		619EF6731E51AF41006AFEB7 /* StudyYYCache */ = {
			isa = PBXNativeTarget;
			buildConfigurationList = 619EF69B1E51AF41006AFEB7 /* Build configuration list for PBXNativeTarget "StudyYYCache" */;
			buildPhases = (
				619EF6701E51AF41006AFEB7 /* Sources */,
				619EF6711E51AF41006AFEB7 /* Frameworks */,
				619EF6721E51AF41006AFEB7 /* Resources */,
			);
			buildRules = (
			);
			dependencies = (
			);
			name = StudyYYCache;
			productName = StudyYYCache;
			productReference = 619EF6741E51AF41006AFEB7 /* StudyYYCache.app */;
			productType = "com.apple.product-type.application";
		};
		619EF6861E51AF41006AFEB7 /* StudyYYCacheTests */ = {
			isa = PBXNativeTarget;
			buildConfigurationList = 619EF69E1E51AF41006AFEB7 /* Build configuration list for PBXNativeTarget "StudyYYCacheTests" */;
			buildPhases = (
				619EF6831E51AF41006AFEB7 /* Sources */,
				619EF6841E51AF41006AFEB7 /* Frameworks */,
				619EF6851E51AF41006AFEB7 /* Resources */,
			);
			buildRules = (
			);
			dependencies = (
				619EF6891E51AF41006AFEB7 /* PBXTargetDependency */,
			);
			name = StudyYYCacheTests;
			productName = StudyYYCacheTests;
			productReference = 619EF6871E51AF41006AFEB7 /* StudyYYCacheTests.xctest */;
			productType = "com.apple.product-type.bundle.unit-test";
		};
		619EF6911E51AF41006AFEB7 /* StudyYYCacheUITests */ = {
			isa = PBXNativeTarget;
			buildConfigurationList = 619EF6A11E51AF41006AFEB7 /* Build configuration list for PBXNativeTarget "StudyYYCacheUITests" */;
			buildPhases = (
				619EF68E1E51AF41006AFEB7 /* Sources */,
				619EF68F1E51AF41006AFEB7 /* Frameworks */,
				619EF6901E51AF41006AFEB7 /* Resources */,
			);
			buildRules = (
			);
			dependencies = (
				619EF6941E51AF41006AFEB7 /* PBXTargetDependency */,
			);
			name = StudyYYCacheUITests;
			productName = StudyYYCacheUITests;
			productReference = 619EF6921E51AF41006AFEB7 /* StudyYYCacheUITests.xctest */;
			productType = "com.apple.product-type.bundle.ui-testing";
		};
/* End PBXNativeTarget section */

/* Begin PBXProject section */
		619EF66C1E51AF41006AFEB7 /* Project object */ = {
			isa = PBXProject;
			attributes = {
				LastUpgradeCheck = 0820;
				ORGANIZATIONNAME = DuKaiShun;
				TargetAttributes = {
					619EF6731E51AF41006AFEB7 = {
						CreatedOnToolsVersion = 8.2.1;
						DevelopmentTeam = X42645MK9G;
						ProvisioningStyle = Automatic;
					};
					619EF6861E51AF41006AFEB7 = {
						CreatedOnToolsVersion = 8.2.1;
						DevelopmentTeam = X42645MK9G;
						ProvisioningStyle = Automatic;
						TestTargetID = 619EF6731E51AF41006AFEB7;
					};
					619EF6911E51AF41006AFEB7 = {
						CreatedOnToolsVersion = 8.2.1;
						DevelopmentTeam = X42645MK9G;
						ProvisioningStyle = Automatic;
						TestTargetID = 619EF6731E51AF41006AFEB7;
					};
				};
			};
			buildConfigurationList = 619EF66F1E51AF41006AFEB7 /* Build configuration list for PBXProject "StudyYYCache" */;
			compatibilityVersion = "Xcode 3.2";
			developmentRegion = English;
			hasScannedForEncodings = 0;
			knownRegions = (
				en,
				Base,
			);
			mainGroup = 619EF66B1E51AF41006AFEB7;
			productRefGroup = 619EF6751E51AF41006AFEB7 /* Products */;
			projectDirPath = "";
			projectRoot = "";
			targets = (
				619EF6731E51AF41006AFEB7 /* StudyYYCache */,
				619EF6861E51AF41006AFEB7 /* StudyYYCacheTests */,
				619EF6911E51AF41006AFEB7 /* StudyYYCacheUITests */,
			);
		};
/* End PBXProject section */

/* Begin PBXResourcesBuildPhase section */
		619EF6721E51AF41006AFEB7 /* Resources */ = {
			isa = PBXResourcesBuildPhase;
			buildActionMask = 2147483647;
			files = (
				619EF67E1E51AF41006AFEB7 /* Assets.xcassets in Resources */,
				619EF6811E51AF41006AFEB7 /* LaunchScreen.storyboard in Resources */,
				619EF6B81E51AFB9006AFEB7 /* RootViewController.xib in Resources */,
			);
			runOnlyForDeploymentPostprocessing = 0;
		};
		619EF6851E51AF41006AFEB7 /* Resources */ = {
			isa = PBXResourcesBuildPhase;
			buildActionMask = 2147483647;
			files = (
			);
			runOnlyForDeploymentPostprocessing = 0;
		};
		619EF6901E51AF41006AFEB7 /* Resources */ = {
			isa = PBXResourcesBuildPhase;
			buildActionMask = 2147483647;
			files = (
			);
			runOnlyForDeploymentPostprocessing = 0;
		};
/* End PBXResourcesBuildPhase section */

/* Begin PBXSourcesBuildPhase section */
		619EF6701E51AF41006AFEB7 /* Sources */ = {
			isa = PBXSourcesBuildPhase;
			buildActionMask = 2147483647;
			files = (
				619EF67C1E51AF41006AFEB7 /* AppDelegate.m in Sources */,
				619EF6CC1E51B27F006AFEB7 /* YYClassInfo.m in Sources */,
				619EF6CB1E51B27F006AFEB7 /* NSObject+YYModel.m in Sources */,
				619EF6B71E51AFB9006AFEB7 /* RootViewController.m in Sources */,
				619EF6B01E51AF55006AFEB7 /* YYMemoryCache.m in Sources */,
				619EF6AE1E51AF55006AFEB7 /* YYDiskCache.m in Sources */,
				619EF6791E51AF41006AFEB7 /* main.m in Sources */,
				619EF6AD1E51AF55006AFEB7 /* YYCache.m in Sources */,
				619EF6C41E51B151006AFEB7 /* PersonModel.m in Sources */,
				619EF6AF1E51AF55006AFEB7 /* YYKVStorage.m in Sources */,
				619EF6C11E51B140006AFEB7 /* UserModel.m in Sources */,
			);
			runOnlyForDeploymentPostprocessing = 0;
		};
		619EF6831E51AF41006AFEB7 /* Sources */ = {
			isa = PBXSourcesBuildPhase;
			buildActionMask = 2147483647;
			files = (
				619EF68C1E51AF41006AFEB7 /* StudyYYCacheTests.m in Sources */,
			);
			runOnlyForDeploymentPostprocessing = 0;
		};
		619EF68E1E51AF41006AFEB7 /* Sources */ = {
			isa = PBXSourcesBuildPhase;
			buildActionMask = 2147483647;
			files = (
				619EF6971E51AF41006AFEB7 /* StudyYYCacheUITests.m in Sources */,
			);
			runOnlyForDeploymentPostprocessing = 0;
		};
/* End PBXSourcesBuildPhase section */

/* Begin PBXTargetDependency section */
		619EF6891E51AF41006AFEB7 /* PBXTargetDependency */ = {
			isa = PBXTargetDependency;
			target = 619EF6731E51AF41006AFEB7 /* StudyYYCache */;
			targetProxy = 619EF6881E51AF41006AFEB7 /* PBXContainerItemProxy */;
		};
		619EF6941E51AF41006AFEB7 /* PBXTargetDependency */ = {
			isa = PBXTargetDependency;
			target = 619EF6731E51AF41006AFEB7 /* StudyYYCache */;
			targetProxy = 619EF6931E51AF41006AFEB7 /* PBXContainerItemProxy */;
		};
/* End PBXTargetDependency section */

/* Begin PBXVariantGroup section */
		619EF67F1E51AF41006AFEB7 /* LaunchScreen.storyboard */ = {
			isa = PBXVariantGroup;
			children = (
				619EF6801E51AF41006AFEB7 /* Base */,
			);
			name = LaunchScreen.storyboard;
			sourceTree = "<group>";
		};
/* End PBXVariantGroup section */

/* Begin XCBuildConfiguration section */
		619EF6991E51AF41006AFEB7 /* Debug */ = {
			isa = XCBuildConfiguration;
			buildSettings = {
				ALWAYS_SEARCH_USER_PATHS = NO;
				CLANG_ANALYZER_NONNULL = YES;
				CLANG_CXX_LANGUAGE_STANDARD = "gnu++0x";
				CLANG_CXX_LIBRARY = "libc++";
				CLANG_ENABLE_MODULES = YES;
				CLANG_ENABLE_OBJC_ARC = YES;
				CLANG_WARN_BOOL_CONVERSION = YES;
				CLANG_WARN_CONSTANT_CONVERSION = YES;
				CLANG_WARN_DIRECT_OBJC_ISA_USAGE = YES_ERROR;
				CLANG_WARN_DOCUMENTATION_COMMENTS = YES;
				CLANG_WARN_EMPTY_BODY = YES;
				CLANG_WARN_ENUM_CONVERSION = YES;
				CLANG_WARN_INFINITE_RECURSION = YES;
				CLANG_WARN_INT_CONVERSION = YES;
				CLANG_WARN_OBJC_ROOT_CLASS = YES_ERROR;
				CLANG_WARN_SUSPICIOUS_MOVE = YES;
				CLANG_WARN_UNREACHABLE_CODE = YES;
				CLANG_WARN__DUPLICATE_METHOD_MATCH = YES;
				"CODE_SIGN_IDENTITY[sdk=iphoneos*]" = "iPhone Developer";
				COPY_PHASE_STRIP = NO;
				DEBUG_INFORMATION_FORMAT = dwarf;
				ENABLE_STRICT_OBJC_MSGSEND = YES;
				ENABLE_TESTABILITY = YES;
				GCC_C_LANGUAGE_STANDARD = gnu99;
				GCC_DYNAMIC_NO_PIC = NO;
				GCC_NO_COMMON_BLOCKS = YES;
				GCC_OPTIMIZATION_LEVEL = 0;
				GCC_PREPROCESSOR_DEFINITIONS = (
					"DEBUG=1",
					"$(inherited)",
				);
				GCC_WARN_64_TO_32_BIT_CONVERSION = YES;
				GCC_WARN_ABOUT_RETURN_TYPE = YES_ERROR;
				GCC_WARN_UNDECLARED_SELECTOR = YES;
				GCC_WARN_UNINITIALIZED_AUTOS = YES_AGGRESSIVE;
				GCC_WARN_UNUSED_FUNCTION = YES;
				GCC_WARN_UNUSED_VARIABLE = YES;
				IPHONEOS_DEPLOYMENT_TARGET = 10.2;
				MTL_ENABLE_DEBUG_INFO = YES;
				ONLY_ACTIVE_ARCH = YES;
				SDKROOT = iphoneos;
				TARGETED_DEVICE_FAMILY = "1,2";
			};
			name = Debug;
		};
		619EF69A1E51AF41006AFEB7 /* Release */ = {
			isa = XCBuildConfiguration;
			buildSettings = {
				ALWAYS_SEARCH_USER_PATHS = NO;
				CLANG_ANALYZER_NONNULL = YES;
				CLANG_CXX_LANGUAGE_STANDARD = "gnu++0x";
				CLANG_CXX_LIBRARY = "libc++";
				CLANG_ENABLE_MODULES = YES;
				CLANG_ENABLE_OBJC_ARC = YES;
				CLANG_WARN_BOOL_CONVERSION = YES;
				CLANG_WARN_CONSTANT_CONVERSION = YES;
				CLANG_WARN_DIRECT_OBJC_ISA_USAGE = YES_ERROR;
				CLANG_WARN_DOCUMENTATION_COMMENTS = YES;
				CLANG_WARN_EMPTY_BODY = YES;
				CLANG_WARN_ENUM_CONVERSION = YES;
				CLANG_WARN_INFINITE_RECURSION = YES;
				CLANG_WARN_INT_CONVERSION = YES;
				CLANG_WARN_OBJC_ROOT_CLASS = YES_ERROR;
				CLANG_WARN_SUSPICIOUS_MOVE = YES;
				CLANG_WARN_UNREACHABLE_CODE = YES;
				CLANG_WARN__DUPLICATE_METHOD_MATCH = YES;
				"CODE_SIGN_IDENTITY[sdk=iphoneos*]" = "iPhone Developer";
				COPY_PHASE_STRIP = NO;
				DEBUG_INFORMATION_FORMAT = "dwarf-with-dsym";
				ENABLE_NS_ASSERTIONS = NO;
				ENABLE_STRICT_OBJC_MSGSEND = YES;
				GCC_C_LANGUAGE_STANDARD = gnu99;
				GCC_NO_COMMON_BLOCKS = YES;
				GCC_WARN_64_TO_32_BIT_CONVERSION = YES;
				GCC_WARN_ABOUT_RETURN_TYPE = YES_ERROR;
				GCC_WARN_UNDECLARED_SELECTOR = YES;
				GCC_WARN_UNINITIALIZED_AUTOS = YES_AGGRESSIVE;
				GCC_WARN_UNUSED_FUNCTION = YES;
				GCC_WARN_UNUSED_VARIABLE = YES;
				IPHONEOS_DEPLOYMENT_TARGET = 10.2;
				MTL_ENABLE_DEBUG_INFO = NO;
				SDKROOT = iphoneos;
				TARGETED_DEVICE_FAMILY = "1,2";
				VALIDATE_PRODUCT = YES;
			};
			name = Release;
		};
		619EF69C1E51AF41006AFEB7 /* Debug */ = {
			isa = XCBuildConfiguration;
			buildSettings = {
				ASSETCATALOG_COMPILER_APPICON_NAME = AppIcon;
				DEVELOPMENT_TEAM = X42645MK9G;
				INFOPLIST_FILE = StudyYYCache/Info.plist;
				IPHONEOS_DEPLOYMENT_TARGET = 8.0;
				LD_RUNPATH_SEARCH_PATHS = "$(inherited) @executable_path/Frameworks";
				PRODUCT_BUNDLE_IDENTIFIER = com.robooot.StudyYYCache;
				PRODUCT_NAME = "$(TARGET_NAME)";
			};
			name = Debug;
		};
		619EF69D1E51AF41006AFEB7 /* Release */ = {
			isa = XCBuildConfiguration;
			buildSettings = {
				ASSETCATALOG_COMPILER_APPICON_NAME = AppIcon;
				DEVELOPMENT_TEAM = X42645MK9G;
				INFOPLIST_FILE = StudyYYCache/Info.plist;
				IPHONEOS_DEPLOYMENT_TARGET = 8.0;
				LD_RUNPATH_SEARCH_PATHS = "$(inherited) @executable_path/Frameworks";
				PRODUCT_BUNDLE_IDENTIFIER = com.robooot.StudyYYCache;
				PRODUCT_NAME = "$(TARGET_NAME)";
			};
			name = Release;
		};
		619EF69F1E51AF41006AFEB7 /* Debug */ = {
			isa = XCBuildConfiguration;
			buildSettings = {
				BUNDLE_LOADER = "$(TEST_HOST)";
				DEVELOPMENT_TEAM = X42645MK9G;
				INFOPLIST_FILE = StudyYYCacheTests/Info.plist;
				LD_RUNPATH_SEARCH_PATHS = "$(inherited) @executable_path/Frameworks @loader_path/Frameworks";
				PRODUCT_BUNDLE_IDENTIFIER = com.robooot.StudyYYCacheTests;
				PRODUCT_NAME = "$(TARGET_NAME)";
				TEST_HOST = "$(BUILT_PRODUCTS_DIR)/StudyYYCache.app/StudyYYCache";
			};
			name = Debug;
		};
		619EF6A01E51AF41006AFEB7 /* Release */ = {
			isa = XCBuildConfiguration;
			buildSettings = {
				BUNDLE_LOADER = "$(TEST_HOST)";
				DEVELOPMENT_TEAM = X42645MK9G;
				INFOPLIST_FILE = StudyYYCacheTests/Info.plist;
				LD_RUNPATH_SEARCH_PATHS = "$(inherited) @executable_path/Frameworks @loader_path/Frameworks";
				PRODUCT_BUNDLE_IDENTIFIER = com.robooot.StudyYYCacheTests;
				PRODUCT_NAME = "$(TARGET_NAME)";
				TEST_HOST = "$(BUILT_PRODUCTS_DIR)/StudyYYCache.app/StudyYYCache";
			};
			name = Release;
		};
		619EF6A21E51AF41006AFEB7 /* Debug */ = {
			isa = XCBuildConfiguration;
			buildSettings = {
				DEVELOPMENT_TEAM = X42645MK9G;
				INFOPLIST_FILE = StudyYYCacheUITests/Info.plist;
				LD_RUNPATH_SEARCH_PATHS = "$(inherited) @executable_path/Frameworks @loader_path/Frameworks";
				PRODUCT_BUNDLE_IDENTIFIER = com.robooot.StudyYYCacheUITests;
				PRODUCT_NAME = "$(TARGET_NAME)";
				TEST_TARGET_NAME = StudyYYCache;
			};
			name = Debug;
		};
		619EF6A31E51AF41006AFEB7 /* Release */ = {
			isa = XCBuildConfiguration;
			buildSettings = {
				DEVELOPMENT_TEAM = X42645MK9G;
				INFOPLIST_FILE = StudyYYCacheUITests/Info.plist;
				LD_RUNPATH_SEARCH_PATHS = "$(inherited) @executable_path/Frameworks @loader_path/Frameworks";
				PRODUCT_BUNDLE_IDENTIFIER = com.robooot.StudyYYCacheUITests;
				PRODUCT_NAME = "$(TARGET_NAME)";
				TEST_TARGET_NAME = StudyYYCache;
			};
			name = Release;
		};
/* End XCBuildConfiguration section */

/* Begin XCConfigurationList section */
		619EF66F1E51AF41006AFEB7 /* Build configuration list for PBXProject "StudyYYCache" */ = {
			isa = XCConfigurationList;
			buildConfigurations = (
				619EF6991E51AF41006AFEB7 /* Debug */,
				619EF69A1E51AF41006AFEB7 /* Release */,
			);
			defaultConfigurationIsVisible = 0;
			defaultConfigurationName = Release;
		};
		619EF69B1E51AF41006AFEB7 /* Build configuration list for PBXNativeTarget "StudyYYCache" */ = {
			isa = XCConfigurationList;
			buildConfigurations = (
				619EF69C1E51AF41006AFEB7 /* Debug */,
				619EF69D1E51AF41006AFEB7 /* Release */,
			);
			defaultConfigurationIsVisible = 0;
			defaultConfigurationName = Release;
		};
		619EF69E1E51AF41006AFEB7 /* Build configuration list for PBXNativeTarget "StudyYYCacheTests" */ = {
			isa = XCConfigurationList;
			buildConfigurations = (
				619EF69F1E51AF41006AFEB7 /* Debug */,
				619EF6A01E51AF41006AFEB7 /* Release */,
			);
			defaultConfigurationIsVisible = 0;
			defaultConfigurationName = Release;
		};
		619EF6A11E51AF41006AFEB7 /* Build configuration list for PBXNativeTarget "StudyYYCacheUITests" */ = {
			isa = XCConfigurationList;
			buildConfigurations = (
				619EF6A21E51AF41006AFEB7 /* Debug */,
				619EF6A31E51AF41006AFEB7 /* Release */,
			);
			defaultConfigurationIsVisible = 0;
			defaultConfigurationName = Release;
		};
/* End XCConfigurationList section */
	};
	rootObject = 619EF66C1E51AF41006AFEB7 /* Project object */;
}
